
Microsoft Visual Studio Solution File, Format Version 12.00
# Visual Studio Version 17
VisualStudioVersion = 17.1.32319.34
MinimumVisualStudioVersion = 10.0.40219.1
Project("{FAE04EC0-301F-11D3-BF4B-00C04F79EFBC}") = "TelegramBotPizza", "TelegramBotPizza\TelegramBotPizza.csproj", "{57DD96B6-BBAF-480D-966A-BD3E1B54D5CD}"
EndProject
Global
	GlobalSection(SolutionConfigurationPlatforms) = preSolution
		Debug|Any CPU = Debug|Any CPU
		Release|Any CPU = Release|Any CPU
	EndGlobalSection
	GlobalSection(ProjectConfigurationPlatforms) = postSolution
		{57DD96B6-BBAF-480D-966A-BD3E1B54D5CD}.Debug|Any CPU.ActiveCfg = Debug|Any CPU
		{57DD96B6-BBAF-480D-966A-BD3E1B54D5CD}.Debug|Any CPU.Build.0 = Debug|Any CPU
		{57DD96B6-BBAF-480D-966A-BD3E1B54D5CD}.Release|Any CPU.ActiveCfg = Release|Any CPU
		{57DD96B6-BBAF-480D-966A-BD3E1B54D5CD}.Release|Any CPU.Build.0 = Release|Any CPU
	EndGlobalSection
	GlobalSection(SolutionProperties) = preSolution
		HideSolutionNode = FALSE
	EndGlobalSection
	GlobalSection(ExtensibilityGlobals) = postSolution
		SolutionGuid = {E129DFB4-CA4C-4C3E-BC95-629F0A41EDD5}
	EndGlobalSection
EndGlobal
